// !$*UTF8*$!
{
	archiveVersion = 1;
	classes = {
	};
	objectVersion = 56;
	objects = {

/* Begin PBXBuildFile section */
		7697D9982C900B26001FECF7 /* ProductCardView.swift in Sources */ = {isa = PBXBuildFile; fileRef = 7697D9972C900B26001FECF7 /* ProductCardView.swift */; };
		7697D99B2C901189001FECF7 /* Color.swift in Sources */ = {isa = PBXBuildFile; fileRef = 7697D9992C901189001FECF7 /* Color.swift */; };
		7697D9A22C903E44001FECF7 /* CustomTabView.swift in Sources */ = {isa = PBXBuildFile; fileRef = 7697D9A12C903E44001FECF7 /* CustomTabView.swift */; };
		7697D9A42C904053001FECF7 /* MainView.swift in Sources */ = {isa = PBXBuildFile; fileRef = 7697D9A32C904052001FECF7 /* MainView.swift */; };
		7697D9A62C9042AE001FECF7 /* TopBarView.swift in Sources */ = {isa = PBXBuildFile; fileRef = 7697D9A52C9042AE001FECF7 /* TopBarView.swift */; };
		7697D9A82C9047AB001FECF7 /* ProductCardViewModel.swift in Sources */ = {isa = PBXBuildFile; fileRef = 7697D9A72C9047AB001FECF7 /* ProductCardViewModel.swift */; };
		7697D9AE2C904A9B001FECF7 /* CategoryScreen.swift in Sources */ = {isa = PBXBuildFile; fileRef = 7697D9AD2C904A9B001FECF7 /* CategoryScreen.swift */; };
		7697D9B02C904AC8001FECF7 /* CartScreen.swift in Sources */ = {isa = PBXBuildFile; fileRef = 7697D9AF2C904AC8001FECF7 /* CartScreen.swift */; };
		7697D9B22C904ADE001FECF7 /* OffersScreen.swift in Sources */ = {isa = PBXBuildFile; fileRef = 7697D9B12C904ADE001FECF7 /* OffersScreen.swift */; };
		7697D9B42C904AEC001FECF7 /* 					AccountScren.swift in Sources */ = {isa = PBXBuildFile; fileRef = 7697D9B32C904AEC001FECF7 /* 					AccountScren.swift */; };
		76B4F8572C8F051700EDCB37 /* SwiftShopApp.swift in Sources */ = {isa = PBXBuildFile; fileRef = 76B4F8562C8F051700EDCB37 /* SwiftShopApp.swift */; };
		76B4F8592C8F051700EDCB37 /* HomeView.swift in Sources */ = {isa = PBXBuildFile; fileRef = 76B4F8582C8F051700EDCB37 /* HomeView.swift */; };
		76B4F85B2C8F051900EDCB37 /* Assets.xcassets in Resources */ = {isa = PBXBuildFile; fileRef = 76B4F85A2C8F051900EDCB37 /* Assets.xcassets */; };
		76B4F85E2C8F051900EDCB37 /* Preview Assets.xcassets in Resources */ = {isa = PBXBuildFile; fileRef = 76B4F85D2C8F051900EDCB37 /* Preview Assets.xcassets */; };
		76B4F8602C8F051900EDCB37 /* Persistence.swift in Sources */ = {isa = PBXBuildFile; fileRef = 76B4F85F2C8F051900EDCB37 /* Persistence.swift */; };
		76B4F8632C8F051900EDCB37 /* SwiftShop.xcdatamodeld in Sources */ = {isa = PBXBuildFile; fileRef = 76B4F8612C8F051900EDCB37 /* SwiftShop.xcdatamodeld */; };
		76B4F8702C8F060500EDCB37 /* RequestServices.swift in Sources */ = {isa = PBXBuildFile; fileRef = 76B4F86F2C8F060500EDCB37 /* RequestServices.swift */; };
		76B4F8732C8F062800EDCB37 /* NetworkError.swift in Sources */ = {isa = PBXBuildFile; fileRef = 76B4F8712C8F062800EDCB37 /* NetworkError.swift */; };
		76B4F8742C8F062800EDCB37 /* Constants.swift in Sources */ = {isa = PBXBuildFile; fileRef = 76B4F8722C8F062800EDCB37 /* Constants.swift */; };
		76B4F8772C8F07B700EDCB37 /* MainViewModel.swift in Sources */ = {isa = PBXBuildFile; fileRef = 76B4F8762C8F07B700EDCB37 /* MainViewModel.swift */; };
		76B4F8792C8F0B2600EDCB37 /* ShopModel.swift in Sources */ = {isa = PBXBuildFile; fileRef = 76B4F8782C8F0B2500EDCB37 /* ShopModel.swift */; };
		76B4F87E2C8F21A700EDCB37 /* ContentEntity+CoreDataClass.swift in Sources */ = {isa = PBXBuildFile; fileRef = 76B4F87A2C8F21A700EDCB37 /* ContentEntity+CoreDataClass.swift */; };
		76B4F87F2C8F21A700EDCB37 /* ContentEntity+CoreDataProperties.swift in Sources */ = {isa = PBXBuildFile; fileRef = 76B4F87B2C8F21A700EDCB37 /* ContentEntity+CoreDataProperties.swift */; };
		76B4F8842C8F221400EDCB37 /* ShopEntity+CoreDataClass.swift in Sources */ = {isa = PBXBuildFile; fileRef = 76B4F8822C8F221400EDCB37 /* ShopEntity+CoreDataClass.swift */; };
		76B4F8852C8F221400EDCB37 /* ShopEntity+CoreDataProperties.swift in Sources */ = {isa = PBXBuildFile; fileRef = 76B4F8832C8F221400EDCB37 /* ShopEntity+CoreDataProperties.swift */; };
		76B4F8882C8F320F00EDCB37 /* Kingfisher in Frameworks */ = {isa = PBXBuildFile; productRef = 76B4F8872C8F320F00EDCB37 /* Kingfisher */; };
		76B4F8A72C8F4A6C00EDCB37 /* CategoryView.swift in Sources */ = {isa = PBXBuildFile; fileRef = 76B4F8A62C8F4A6C00EDCB37 /* CategoryView.swift */; };
		76B4F8A92C8F4A7C00EDCB37 /* BannerView.swift in Sources */ = {isa = PBXBuildFile; fileRef = 76B4F8A82C8F4A7C00EDCB37 /* BannerView.swift */; };
		76B4F8AB2C8F4A8D00EDCB37 /* ProductView .swift in Sources */ = {isa = PBXBuildFile; fileRef = 76B4F8AA2C8F4A8D00EDCB37 /* ProductView .swift */; };
		76B4F8AD2C8F4B4A00EDCB37 /* SectionHeaderView.swift in Sources */ = {isa = PBXBuildFile; fileRef = 76B4F8AC2C8F4B4A00EDCB37 /* SectionHeaderView.swift */; };
		76B4F8AF2C8F540900EDCB37 /* SingleBannerView.swift in Sources */ = {isa = PBXBuildFile; fileRef = 76B4F8AE2C8F540900EDCB37 /* SingleBannerView.swift */; };
/* End PBXBuildFile section */

/* Begin PBXFileReference section */
		7697D9972C900B26001FECF7 /* ProductCardView.swift */ = {isa = PBXFileReference; lastKnownFileType = sourcecode.swift; path = ProductCardView.swift; sourceTree = "<group>"; };
		7697D9992C901189001FECF7 /* Color.swift */ = {isa = PBXFileReference; fileEncoding = 4; lastKnownFileType = sourcecode.swift; path = Color.swift; sourceTree = "<group>"; };
		7697D9A12C903E44001FECF7 /* CustomTabView.swift */ = {isa = PBXFileReference; fileEncoding = 4; lastKnownFileType = sourcecode.swift; path = CustomTabView.swift; sourceTree = "<group>"; };
		7697D9A32C904052001FECF7 /* MainView.swift */ = {isa = PBXFileReference; lastKnownFileType = sourcecode.swift; path = MainView.swift; sourceTree = "<group>"; };
		7697D9A52C9042AE001FECF7 /* TopBarView.swift */ = {isa = PBXFileReference; lastKnownFileType = sourcecode.swift; path = TopBarView.swift; sourceTree = "<group>"; };
		7697D9A72C9047AB001FECF7 /* ProductCardViewModel.swift */ = {isa = PBXFileReference; lastKnownFileType = sourcecode.swift; path = ProductCardViewModel.swift; sourceTree = "<group>"; };
		7697D9AD2C904A9B001FECF7 /* CategoryScreen.swift */ = {isa = PBXFileReference; lastKnownFileType = sourcecode.swift; path = CategoryScreen.swift; sourceTree = "<group>"; };
		7697D9AF2C904AC8001FECF7 /* CartScreen.swift */ = {isa = PBXFileReference; lastKnownFileType = sourcecode.swift; path = CartScreen.swift; sourceTree = "<group>"; };
		7697D9B12C904ADE001FECF7 /* OffersScreen.swift */ = {isa = PBXFileReference; lastKnownFileType = sourcecode.swift; path = OffersScreen.swift; sourceTree = "<group>"; };
		7697D9B32C904AEC001FECF7 /* 					AccountScren.swift */ = {isa = PBXFileReference; lastKnownFileType = sourcecode.swift; path = "\t\t\t\t\tAccountScren.swift"; sourceTree = "<group>"; };
		76B4F8532C8F051700EDCB37 /* SwiftShop.app */ = {isa = PBXFileReference; explicitFileType = wrapper.application; includeInIndex = 0; path = SwiftShop.app; sourceTree = BUILT_PRODUCTS_DIR; };
		76B4F8562C8F051700EDCB37 /* SwiftShopApp.swift */ = {isa = PBXFileReference; lastKnownFileType = sourcecode.swift; path = SwiftShopApp.swift; sourceTree = "<group>"; };
		76B4F8582C8F051700EDCB37 /* HomeView.swift */ = {isa = PBXFileReference; lastKnownFileType = sourcecode.swift; path = HomeView.swift; sourceTree = "<group>"; };
		76B4F85A2C8F051900EDCB37 /* Assets.xcassets */ = {isa = PBXFileReference; lastKnownFileType = folder.assetcatalog; path = Assets.xcassets; sourceTree = "<group>"; };
		76B4F85D2C8F051900EDCB37 /* Preview Assets.xcassets */ = {isa = PBXFileReference; lastKnownFileType = folder.assetcatalog; path = "Preview Assets.xcassets"; sourceTree = "<group>"; };
		76B4F85F2C8F051900EDCB37 /* Persistence.swift */ = {isa = PBXFileReference; lastKnownFileType = sourcecode.swift; path = Persistence.swift; sourceTree = "<group>"; };
		76B4F8622C8F051900EDCB37 /* SwiftShop.xcdatamodel */ = {isa = PBXFileReference; lastKnownFileType = wrapper.xcdatamodel; path = SwiftShop.xcdatamodel; sourceTree = "<group>"; };
		76B4F86F2C8F060500EDCB37 /* RequestServices.swift */ = {isa = PBXFileReference; fileEncoding = 4; lastKnownFileType = sourcecode.swift; path = RequestServices.swift; sourceTree = "<group>"; };
		76B4F8712C8F062800EDCB37 /* NetworkError.swift */ = {isa = PBXFileReference; fileEncoding = 4; lastKnownFileType = sourcecode.swift; path = NetworkError.swift; sourceTree = "<group>"; };
		76B4F8722C8F062800EDCB37 /* Constants.swift */ = {isa = PBXFileReference; fileEncoding = 4; lastKnownFileType = sourcecode.swift; path = Constants.swift; sourceTree = "<group>"; };
		76B4F8762C8F07B700EDCB37 /* MainViewModel.swift */ = {isa = PBXFileReference; lastKnownFileType = sourcecode.swift; path = MainViewModel.swift; sourceTree = "<group>"; };
		76B4F8782C8F0B2500EDCB37 /* ShopModel.swift */ = {isa = PBXFileReference; lastKnownFileType = sourcecode.swift; path = ShopModel.swift; sourceTree = "<group>"; };
		76B4F87A2C8F21A700EDCB37 /* ContentEntity+CoreDataClass.swift */ = {isa = PBXFileReference; lastKnownFileType = sourcecode.swift; path = "ContentEntity+CoreDataClass.swift"; sourceTree = "<group>"; };
		76B4F87B2C8F21A700EDCB37 /* ContentEntity+CoreDataProperties.swift */ = {isa = PBXFileReference; lastKnownFileType = sourcecode.swift; path = "ContentEntity+CoreDataProperties.swift"; sourceTree = "<group>"; };
		76B4F8822C8F221400EDCB37 /* ShopEntity+CoreDataClass.swift */ = {isa = PBXFileReference; lastKnownFileType = sourcecode.swift; path = "ShopEntity+CoreDataClass.swift"; sourceTree = "<group>"; };
		76B4F8832C8F221400EDCB37 /* ShopEntity+CoreDataProperties.swift */ = {isa = PBXFileReference; lastKnownFileType = sourcecode.swift; path = "ShopEntity+CoreDataProperties.swift"; sourceTree = "<group>"; };
		76B4F8892C8F345D00EDCB37 /* Info.plist */ = {isa = PBXFileReference; lastKnownFileType = text.plist; path = Info.plist; sourceTree = "<group>"; };
		76B4F8A62C8F4A6C00EDCB37 /* CategoryView.swift */ = {isa = PBXFileReference; lastKnownFileType = sourcecode.swift; path = CategoryView.swift; sourceTree = "<group>"; };
		76B4F8A82C8F4A7C00EDCB37 /* BannerView.swift */ = {isa = PBXFileReference; lastKnownFileType = sourcecode.swift; path = BannerView.swift; sourceTree = "<group>"; };
		76B4F8AA2C8F4A8D00EDCB37 /* ProductView .swift */ = {isa = PBXFileReference; lastKnownFileType = sourcecode.swift; path = "ProductView .swift"; sourceTree = "<group>"; };
		76B4F8AC2C8F4B4A00EDCB37 /* SectionHeaderView.swift */ = {isa = PBXFileReference; lastKnownFileType = sourcecode.swift; path = SectionHeaderView.swift; sourceTree = "<group>"; };
		76B4F8AE2C8F540900EDCB37 /* SingleBannerView.swift */ = {isa = PBXFileReference; lastKnownFileType = sourcecode.swift; path = SingleBannerView.swift; sourceTree = "<group>"; };
/* End PBXFileReference section */

/* Begin PBXFrameworksBuildPhase section */
		76B4F8502C8F051700EDCB37 /* Frameworks */ = {
			isa = PBXFrameworksBuildPhase;
			buildActionMask = 2147483647;
			files = (
				76B4F8882C8F320F00EDCB37 /* Kingfisher in Frameworks */,
			);
			runOnlyForDeploymentPostprocessing = 0;
		};
/* End PBXFrameworksBuildPhase section */

/* Begin PBXGroup section */
		7697D99A2C901189001FECF7 /* Extensions */ = {
			isa = PBXGroup;
			children = (
				7697D9992C901189001FECF7 /* Color.swift */,
			);
			path = Extensions;
			sourceTree = "<group>";
		};
		7697D9A02C903E36001FECF7 /* TabView */ = {
			isa = PBXGroup;
			children = (
				7697D9A12C903E44001FECF7 /* CustomTabView.swift */,
			);
			path = TabView;
			sourceTree = "<group>";
		};
		7697D9A92C904A4F001FECF7 /* Account */ = {
			isa = PBXGroup;
			children = (
				7697D9B32C904AEC001FECF7 /* 					AccountScren.swift */,
			);
			path = Account;
			sourceTree = "<group>";
		};
		7697D9AA2C904A65001FECF7 /* Offers */ = {
			isa = PBXGroup;
			children = (
				7697D9B12C904ADE001FECF7 /* OffersScreen.swift */,
			);
			path = Offers;
			sourceTree = "<group>";
		};
		7697D9AB2C904A6D001FECF7 /* Cart */ = {
			isa = PBXGroup;
			children = (
				7697D9AF2C904AC8001FECF7 /* CartScreen.swift */,
			);
			path = Cart;
			sourceTree = "<group>";
		};
		7697D9AC2C904A75001FECF7 /* Category */ = {
			isa = PBXGroup;
			children = (
				7697D9AD2C904A9B001FECF7 /* CategoryScreen.swift */,
			);
			path = Category;
			sourceTree = "<group>";
		};
		7697D9B52C904D94001FECF7 /* PersistanceData */ = {
			isa = PBXGroup;
			children = (
				76B4F8822C8F221400EDCB37 /* ShopEntity+CoreDataClass.swift */,
				76B4F8832C8F221400EDCB37 /* ShopEntity+CoreDataProperties.swift */,
				76B4F87A2C8F21A700EDCB37 /* ContentEntity+CoreDataClass.swift */,
				76B4F87B2C8F21A700EDCB37 /* ContentEntity+CoreDataProperties.swift */,
				76B4F85F2C8F051900EDCB37 /* Persistence.swift */,
				76B4F8612C8F051900EDCB37 /* SwiftShop.xcdatamodeld */,
			);
			path = PersistanceData;
			sourceTree = "<group>";
		};
		7697D9B62C904DE0001FECF7 /* Main */ = {
			isa = PBXGroup;
			children = (
				76B4F8562C8F051700EDCB37 /* SwiftShopApp.swift */,
			);
			path = Main;
			sourceTree = "<group>";
		};
		76B4F84A2C8F051700EDCB37 = {
			isa = PBXGroup;
			children = (
				76B4F8552C8F051700EDCB37 /* SwiftShop */,
				76B4F8542C8F051700EDCB37 /* Products */,
			);
			sourceTree = "<group>";
		};
		76B4F8542C8F051700EDCB37 /* Products */ = {
			isa = PBXGroup;
			children = (
				76B4F8532C8F051700EDCB37 /* SwiftShop.app */,
			);
			name = Products;
			sourceTree = "<group>";
		};
		76B4F8552C8F051700EDCB37 /* SwiftShop */ = {
			isa = PBXGroup;
			children = (
				76B4F8892C8F345D00EDCB37 /* Info.plist */,
				76B4F86D2C8F058D00EDCB37 /* Model */,
				76B4F86C2C8F058800EDCB37 /* View */,
				76B4F86B2C8F058000EDCB37 /* ViewModel */,
				76B4F86A2C8F056E00EDCB37 /* API */,
				76B4F8692C8F056500EDCB37 /* Utils */,
				76B4F85A2C8F051900EDCB37 /* Assets.xcassets */,
				7697D9B62C904DE0001FECF7 /* Main */,
				7697D9B52C904D94001FECF7 /* PersistanceData */,
				76B4F85C2C8F051900EDCB37 /* Preview Content */,
			);
			path = SwiftShop;
			sourceTree = "<group>";
		};
		76B4F85C2C8F051900EDCB37 /* Preview Content */ = {
			isa = PBXGroup;
			children = (
				76B4F85D2C8F051900EDCB37 /* Preview Assets.xcassets */,
			);
			path = "Preview Content";
			sourceTree = "<group>";
		};
		76B4F8692C8F056500EDCB37 /* Utils */ = {
			isa = PBXGroup;
			children = (
				7697D99A2C901189001FECF7 /* Extensions */,
				7697D9A52C9042AE001FECF7 /* TopBarView.swift */,
				76B4F8722C8F062800EDCB37 /* Constants.swift */,
				76B4F8712C8F062800EDCB37 /* NetworkError.swift */,
			);
			path = Utils;
			sourceTree = "<group>";
		};
		76B4F86A2C8F056E00EDCB37 /* API */ = {
			isa = PBXGroup;
			children = (
				76B4F86F2C8F060500EDCB37 /* RequestServices.swift */,
			);
			path = API;
			sourceTree = "<group>";
		};
		76B4F86B2C8F058000EDCB37 /* ViewModel */ = {
			isa = PBXGroup;
			children = (
				76B4F8762C8F07B700EDCB37 /* MainViewModel.swift */,
				7697D9A72C9047AB001FECF7 /* ProductCardViewModel.swift */,
			);
			path = ViewModel;
			sourceTree = "<group>";
		};
		76B4F86C2C8F058800EDCB37 /* View */ = {
			isa = PBXGroup;
			children = (
				7697D9A02C903E36001FECF7 /* TabView */,
				76B4F86E2C8F05BA00EDCB37 /* Home */,
				7697D9AC2C904A75001FECF7 /* Category */,
				7697D9AB2C904A6D001FECF7 /* Cart */,
				7697D9AA2C904A65001FECF7 /* Offers */,
				7697D9A92C904A4F001FECF7 /* Account */,
			);
			path = View;
			sourceTree = "<group>";
		};
		76B4F86D2C8F058D00EDCB37 /* Model */ = {
			isa = PBXGroup;
			children = (
				76B4F8782C8F0B2500EDCB37 /* ShopModel.swift */,
			);
			path = Model;
			sourceTree = "<group>";
		};
		76B4F86E2C8F05BA00EDCB37 /* Home */ = {
			isa = PBXGroup;
			children = (
				7697D9A32C904052001FECF7 /* MainView.swift */,
				76B4F8582C8F051700EDCB37 /* HomeView.swift */,
				76B4F8A82C8F4A7C00EDCB37 /* BannerView.swift */,
				76B4F8AE2C8F540900EDCB37 /* SingleBannerView.swift */,
				76B4F8A62C8F4A6C00EDCB37 /* CategoryView.swift */,
				76B4F8AA2C8F4A8D00EDCB37 /* ProductView .swift */,
				7697D9972C900B26001FECF7 /* ProductCardView.swift */,
				76B4F8AC2C8F4B4A00EDCB37 /* SectionHeaderView.swift */,
			);
			path = Home;
			sourceTree = "<group>";
		};
/* End PBXGroup section */

/* Begin PBXNativeTarget section */
		76B4F8522C8F051700EDCB37 /* SwiftShop */ = {
			isa = PBXNativeTarget;
			buildConfigurationList = 76B4F8662C8F051900EDCB37 /* Build configuration list for PBXNativeTarget "SwiftShop" */;
			buildPhases = (
				76B4F84F2C8F051700EDCB37 /* Sources */,
				76B4F8502C8F051700EDCB37 /* Frameworks */,
				76B4F8512C8F051700EDCB37 /* Resources */,
			);
			buildRules = (
			);
			dependencies = (
			);
			name = SwiftShop;
			packageProductDependencies = (
				76B4F8872C8F320F00EDCB37 /* Kingfisher */,
			);
			productName = SwiftShop;
			productReference = 76B4F8532C8F051700EDCB37 /* SwiftShop.app */;
			productType = "com.apple.product-type.application";
		};
/* End PBXNativeTarget section */

/* Begin PBXProject section */
		76B4F84B2C8F051700EDCB37 /* Project object */ = {
			isa = PBXProject;
			attributes = {
				BuildIndependentTargetsInParallel = 1;
				LastSwiftUpdateCheck = 1540;
				LastUpgradeCheck = 1540;
				TargetAttributes = {
					76B4F8522C8F051700EDCB37 = {
						CreatedOnToolsVersion = 15.4;
					};
				};
			};
			buildConfigurationList = 76B4F84E2C8F051700EDCB37 /* Build configuration list for PBXProject "SwiftShop" */;
			compatibilityVersion = "Xcode 14.0";
			developmentRegion = en;
			hasScannedForEncodings = 0;
			knownRegions = (
				en,
				Base,
			);
			mainGroup = 76B4F84A2C8F051700EDCB37;
			packageReferences = (
				76B4F8862C8F320F00EDCB37 /* XCRemoteSwiftPackageReference "Kingfisher" */,
			);
			productRefGroup = 76B4F8542C8F051700EDCB37 /* Products */;
			projectDirPath = "";
			projectRoot = "";
			targets = (
				76B4F8522C8F051700EDCB37 /* SwiftShop */,
			);
		};
/* End PBXProject section */

/* Begin PBXResourcesBuildPhase section */
		76B4F8512C8F051700EDCB37 /* Resources */ = {
			isa = PBXResourcesBuildPhase;
			buildActionMask = 2147483647;
			files = (
				76B4F85E2C8F051900EDCB37 /* Preview Assets.xcassets in Resources */,
				76B4F85B2C8F051900EDCB37 /* Assets.xcassets in Resources */,
			);
			runOnlyForDeploymentPostprocessing = 0;
		};
/* End PBXResourcesBuildPhase section */

/* Begin PBXSourcesBuildPhase section */
		76B4F84F2C8F051700EDCB37 /* Sources */ = {
			isa = PBXSourcesBuildPhase;
			buildActionMask = 2147483647;
			files = (
				76B4F8AF2C8F540900EDCB37 /* SingleBannerView.swift in Sources */,
				76B4F8602C8F051900EDCB37 /* Persistence.swift in Sources */,
				7697D9B02C904AC8001FECF7 /* CartScreen.swift in Sources */,
				7697D99B2C901189001FECF7 /* Color.swift in Sources */,
				7697D9B42C904AEC001FECF7 /* 					AccountScren.swift in Sources */,
				76B4F8632C8F051900EDCB37 /* SwiftShop.xcdatamodeld in Sources */,
				76B4F8792C8F0B2600EDCB37 /* ShopModel.swift in Sources */,
				76B4F8592C8F051700EDCB37 /* HomeView.swift in Sources */,
				76B4F8842C8F221400EDCB37 /* ShopEntity+CoreDataClass.swift in Sources */,
				7697D9A42C904053001FECF7 /* MainView.swift in Sources */,
				7697D9A22C903E44001FECF7 /* CustomTabView.swift in Sources */,
				76B4F8852C8F221400EDCB37 /* ShopEntity+CoreDataProperties.swift in Sources */,
				76B4F8732C8F062800EDCB37 /* NetworkError.swift in Sources */,
				76B4F8742C8F062800EDCB37 /* Constants.swift in Sources */,
				76B4F87E2C8F21A700EDCB37 /* ContentEntity+CoreDataClass.swift in Sources */,
				76B4F87F2C8F21A700EDCB37 /* ContentEntity+CoreDataProperties.swift in Sources */,
				7697D9AE2C904A9B001FECF7 /* CategoryScreen.swift in Sources */,
				7697D9A62C9042AE001FECF7 /* TopBarView.swift in Sources */,
				76B4F8702C8F060500EDCB37 /* RequestServices.swift in Sources */,
				76B4F8A92C8F4A7C00EDCB37 /* BannerView.swift in Sources */,
				76B4F8AD2C8F4B4A00EDCB37 /* SectionHeaderView.swift in Sources */,
				7697D9982C900B26001FECF7 /* ProductCardView.swift in Sources */,
				76B4F8572C8F051700EDCB37 /* SwiftShopApp.swift in Sources */,
				7697D9A82C9047AB001FECF7 /* ProductCardViewModel.swift in Sources */,
				76B4F8772C8F07B700EDCB37 /* MainViewModel.swift in Sources */,
				7697D9B22C904ADE001FECF7 /* OffersScreen.swift in Sources */,
				76B4F8AB2C8F4A8D00EDCB37 /* ProductView .swift in Sources */,
				76B4F8A72C8F4A6C00EDCB37 /* CategoryView.swift in Sources */,
			);
			runOnlyForDeploymentPostprocessing = 0;
		};
/* End PBXSourcesBuildPhase section */

/* Begin XCBuildConfiguration section */
		76B4F8642C8F051900EDCB37 /* Debug */ = {
			isa = XCBuildConfiguration;
			buildSettings = {
				ALWAYS_SEARCH_USER_PATHS = NO;
				ASSETCATALOG_COMPILER_GENERATE_SWIFT_ASSET_SYMBOL_EXTENSIONS = YES;
				CLANG_ANALYZER_NONNULL = YES;
				CLANG_ANALYZER_NUMBER_OBJECT_CONVERSION = YES_AGGRESSIVE;
				CLANG_CXX_LANGUAGE_STANDARD = "gnu++20";
				CLANG_ENABLE_MODULES = YES;
				CLANG_ENABLE_OBJC_ARC = YES;
				CLANG_ENABLE_OBJC_WEAK = YES;
				CLANG_WARN_BLOCK_CAPTURE_AUTORELEASING = YES;
				CLANG_WARN_BOOL_CONVERSION = YES;
				CLANG_WARN_COMMA = YES;
				CLANG_WARN_CONSTANT_CONVERSION = YES;
				CLANG_WARN_DEPRECATED_OBJC_IMPLEMENTATIONS = YES;
				CLANG_WARN_DIRECT_OBJC_ISA_USAGE = YES_ERROR;
				CLANG_WARN_DOCUMENTATION_COMMENTS = YES;
				CLANG_WARN_EMPTY_BODY = YES;
				CLANG_WARN_ENUM_CONVERSION = YES;
				CLANG_WARN_INFINITE_RECURSION = YES;
				CLANG_WARN_INT_CONVERSION = YES;
				CLANG_WARN_NON_LITERAL_NULL_CONVERSION = YES;
				CLANG_WARN_OBJC_IMPLICIT_RETAIN_SELF = YES;
				CLANG_WARN_OBJC_LITERAL_CONVERSION = YES;
				CLANG_WARN_OBJC_ROOT_CLASS = YES_ERROR;
				CLANG_WARN_QUOTED_INCLUDE_IN_FRAMEWORK_HEADER = YES;
				CLANG_WARN_RANGE_LOOP_ANALYSIS = YES;
				CLANG_WARN_STRICT_PROTOTYPES = YES;
				CLANG_WARN_SUSPICIOUS_MOVE = YES;
				CLANG_WARN_UNGUARDED_AVAILABILITY = YES_AGGRESSIVE;
				CLANG_WARN_UNREACHABLE_CODE = YES;
				CLANG_WARN__DUPLICATE_METHOD_MATCH = YES;
				COPY_PHASE_STRIP = NO;
				DEBUG_INFORMATION_FORMAT = dwarf;
				ENABLE_STRICT_OBJC_MSGSEND = YES;
				ENABLE_TESTABILITY = YES;
				ENABLE_USER_SCRIPT_SANDBOXING = YES;
				GCC_C_LANGUAGE_STANDARD = gnu17;
				GCC_DYNAMIC_NO_PIC = NO;
				GCC_NO_COMMON_BLOCKS = YES;
				GCC_OPTIMIZATION_LEVEL = 0;
				GCC_PREPROCESSOR_DEFINITIONS = (
					"DEBUG=1",
					"$(inherited)",
				);
				GCC_WARN_64_TO_32_BIT_CONVERSION = YES;
				GCC_WARN_ABOUT_RETURN_TYPE = YES_ERROR;
				GCC_WARN_UNDECLARED_SELECTOR = YES;
				GCC_WARN_UNINITIALIZED_AUTOS = YES_AGGRESSIVE;
				GCC_WARN_UNUSED_FUNCTION = YES;
				GCC_WARN_UNUSED_VARIABLE = YES;
				IPHONEOS_DEPLOYMENT_TARGET = 17.5;
				LOCALIZATION_PREFERS_STRING_CATALOGS = YES;
				MTL_ENABLE_DEBUG_INFO = INCLUDE_SOURCE;
				MTL_FAST_MATH = YES;
				ONLY_ACTIVE_ARCH = YES;
				SDKROOT = iphoneos;
				SWIFT_ACTIVE_COMPILATION_CONDITIONS = "DEBUG $(inherited)";
				SWIFT_OPTIMIZATION_LEVEL = "-Onone";
			};
			name = Debug;
		};
		76B4F8652C8F051900EDCB37 /* Release */ = {
			isa = XCBuildConfiguration;
			buildSettings = {
				ALWAYS_SEARCH_USER_PATHS = NO;
				ASSETCATALOG_COMPILER_GENERATE_SWIFT_ASSET_SYMBOL_EXTENSIONS = YES;
				CLANG_ANALYZER_NONNULL = YES;
				CLANG_ANALYZER_NUMBER_OBJECT_CONVERSION = YES_AGGRESSIVE;
				CLANG_CXX_LANGUAGE_STANDARD = "gnu++20";
				CLANG_ENABLE_MODULES = YES;
				CLANG_ENABLE_OBJC_ARC = YES;
				CLANG_ENABLE_OBJC_WEAK = YES;
				CLANG_WARN_BLOCK_CAPTURE_AUTORELEASING = YES;
				CLANG_WARN_BOOL_CONVERSION = YES;
				CLANG_WARN_COMMA = YES;
				CLANG_WARN_CONSTANT_CONVERSION = YES;
				CLANG_WARN_DEPRECATED_OBJC_IMPLEMENTATIONS = YES;
				CLANG_WARN_DIRECT_OBJC_ISA_USAGE = YES_ERROR;
				CLANG_WARN_DOCUMENTATION_COMMENTS = YES;
				CLANG_WARN_EMPTY_BODY = YES;
				CLANG_WARN_ENUM_CONVERSION = YES;
				CLANG_WARN_INFINITE_RECURSION = YES;
				CLANG_WARN_INT_CONVERSION = YES;
				CLANG_WARN_NON_LITERAL_NULL_CONVERSION = YES;
				CLANG_WARN_OBJC_IMPLICIT_RETAIN_SELF = YES;
				CLANG_WARN_OBJC_LITERAL_CONVERSION = YES;
				CLANG_WARN_OBJC_ROOT_CLASS = YES_ERROR;
				CLANG_WARN_QUOTED_INCLUDE_IN_FRAMEWORK_HEADER = YES;
				CLANG_WARN_RANGE_LOOP_ANALYSIS = YES;
				CLANG_WARN_STRICT_PROTOTYPES = YES;
				CLANG_WARN_SUSPICIOUS_MOVE = YES;
				CLANG_WARN_UNGUARDED_AVAILABILITY = YES_AGGRESSIVE;
				CLANG_WARN_UNREACHABLE_CODE = YES;
				CLANG_WARN__DUPLICATE_METHOD_MATCH = YES;
				COPY_PHASE_STRIP = NO;
				DEBUG_INFORMATION_FORMAT = "dwarf-with-dsym";
				ENABLE_NS_ASSERTIONS = NO;
				ENABLE_STRICT_OBJC_MSGSEND = YES;
				ENABLE_USER_SCRIPT_SANDBOXING = YES;
				GCC_C_LANGUAGE_STANDARD = gnu17;
				GCC_NO_COMMON_BLOCKS = YES;
				GCC_WARN_64_TO_32_BIT_CONVERSION = YES;
				GCC_WARN_ABOUT_RETURN_TYPE = YES_ERROR;
				GCC_WARN_UNDECLARED_SELECTOR = YES;
				GCC_WARN_UNINITIALIZED_AUTOS = YES_AGGRESSIVE;
				GCC_WARN_UNUSED_FUNCTION = YES;
				GCC_WARN_UNUSED_VARIABLE = YES;
				IPHONEOS_DEPLOYMENT_TARGET = 17.5;
				LOCALIZATION_PREFERS_STRING_CATALOGS = YES;
				MTL_ENABLE_DEBUG_INFO = NO;
				MTL_FAST_MATH = YES;
				SDKROOT = iphoneos;
				SWIFT_COMPILATION_MODE = wholemodule;
				VALIDATE_PRODUCT = YES;
			};
			name = Release;
		};
		76B4F8672C8F051900EDCB37 /* Debug */ = {
			isa = XCBuildConfiguration;
			buildSettings = {
				ASSETCATALOG_COMPILER_APPICON_NAME = AppIcon;
				ASSETCATALOG_COMPILER_GLOBAL_ACCENT_COLOR_NAME = AccentColor;
				CODE_SIGN_STYLE = Automatic;
				CURRENT_PROJECT_VERSION = 1;
				DEVELOPMENT_ASSET_PATHS = "\"SwiftShop/Preview Content\"";
				DEVELOPMENT_TEAM = 9YC7UP4F29;
				ENABLE_PREVIEWS = YES;
				GENERATE_INFOPLIST_FILE = YES;
				INFOPLIST_FILE = SwiftShop/Info.plist;
				INFOPLIST_KEY_UIApplicationSceneManifest_Generation = YES;
				INFOPLIST_KEY_UIApplicationSupportsIndirectInputEvents = YES;
				INFOPLIST_KEY_UILaunchScreen_Generation = YES;
				INFOPLIST_KEY_UISupportedInterfaceOrientations_iPad = "UIInterfaceOrientationPortrait UIInterfaceOrientationPortraitUpsideDown UIInterfaceOrientationLandscapeLeft UIInterfaceOrientationLandscapeRight";
				INFOPLIST_KEY_UISupportedInterfaceOrientations_iPhone = "UIInterfaceOrientationPortrait UIInterfaceOrientationLandscapeLeft UIInterfaceOrientationLandscapeRight";
				LD_RUNPATH_SEARCH_PATHS = (
					"$(inherited)",
					"@executable_path/Frameworks",
				);
				MARKETING_VERSION = 1.0;
				PRODUCT_BUNDLE_IDENTIFIER = com.iOSMasterMind.SwiftShop;
				PRODUCT_NAME = "$(TARGET_NAME)";
				SWIFT_EMIT_LOC_STRINGS = YES;
				SWIFT_VERSION = 5.0;
				TARGETED_DEVICE_FAMILY = "1,2";
			};
			name = Debug;
		};
		76B4F8682C8F051900EDCB37 /* Release */ = {
			isa = XCBuildConfiguration;
			buildSettings = {
				ASSETCATALOG_COMPILER_APPICON_NAME = AppIcon;
				ASSETCATALOG_COMPILER_GLOBAL_ACCENT_COLOR_NAME = AccentColor;
				CODE_SIGN_STYLE = Automatic;
				CURRENT_PROJECT_VERSION = 1;
				DEVELOPMENT_ASSET_PATHS = "\"SwiftShop/Preview Content\"";
				DEVELOPMENT_TEAM = 9YC7UP4F29;
				ENABLE_PREVIEWS = YES;
				GENERATE_INFOPLIST_FILE = YES;
				INFOPLIST_FILE = SwiftShop/Info.plist;
				INFOPLIST_KEY_UIApplicationSceneManifest_Generation = YES;
				INFOPLIST_KEY_UIApplicationSupportsIndirectInputEvents = YES;
				INFOPLIST_KEY_UILaunchScreen_Generation = YES;
				INFOPLIST_KEY_UISupportedInterfaceOrientations_iPad = "UIInterfaceOrientationPortrait UIInterfaceOrientationPortraitUpsideDown UIInterfaceOrientationLandscapeLeft UIInterfaceOrientationLandscapeRight";
				INFOPLIST_KEY_UISupportedInterfaceOrientations_iPhone = "UIInterfaceOrientationPortrait UIInterfaceOrientationLandscapeLeft UIInterfaceOrientationLandscapeRight";
				LD_RUNPATH_SEARCH_PATHS = (
					"$(inherited)",
					"@executable_path/Frameworks",
				);
				MARKETING_VERSION = 1.0;
				PRODUCT_BUNDLE_IDENTIFIER = com.iOSMasterMind.SwiftShop;
				PRODUCT_NAME = "$(TARGET_NAME)";
				SWIFT_EMIT_LOC_STRINGS = YES;
				SWIFT_VERSION = 5.0;
				TARGETED_DEVICE_FAMILY = "1,2";
			};
			name = Release;
		};
/* End XCBuildConfiguration section */

/* Begin XCConfigurationList section */
		76B4F84E2C8F051700EDCB37 /* Build configuration list for PBXProject "SwiftShop" */ = {
			isa = XCConfigurationList;
			buildConfigurations = (
				76B4F8642C8F051900EDCB37 /* Debug */,
				76B4F8652C8F051900EDCB37 /* Release */,
			);
			defaultConfigurationIsVisible = 0;
			defaultConfigurationName = Release;
		};
		76B4F8662C8F051900EDCB37 /* Build configuration list for PBXNativeTarget "SwiftShop" */ = {
			isa = XCConfigurationList;
			buildConfigurations = (
				76B4F8672C8F051900EDCB37 /* Debug */,
				76B4F8682C8F051900EDCB37 /* Release */,
			);
			defaultConfigurationIsVisible = 0;
			defaultConfigurationName = Release;
		};
/* End XCConfigurationList section */

/* Begin XCRemoteSwiftPackageReference section */
		76B4F8862C8F320F00EDCB37 /* XCRemoteSwiftPackageReference "Kingfisher" */ = {
			isa = XCRemoteSwiftPackageReference;
			repositoryURL = "https://github.com/onevcat/Kingfisher.git";
			requirement = {
				kind = upToNextMajorVersion;
				minimumVersion = 7.12.0;
			};
		};
/* End XCRemoteSwiftPackageReference section */

/* Begin XCSwiftPackageProductDependency section */
		76B4F8872C8F320F00EDCB37 /* Kingfisher */ = {
			isa = XCSwiftPackageProductDependency;
			package = 76B4F8862C8F320F00EDCB37 /* XCRemoteSwiftPackageReference "Kingfisher" */;
			productName = Kingfisher;
		};
/* End XCSwiftPackageProductDependency section */

/* Begin XCVersionGroup section */
		76B4F8612C8F051900EDCB37 /* SwiftShop.xcdatamodeld */ = {
			isa = XCVersionGroup;
			children = (
				76B4F8622C8F051900EDCB37 /* SwiftShop.xcdatamodel */,
			);
			currentVersion = 76B4F8622C8F051900EDCB37 /* SwiftShop.xcdatamodel */;
			path = SwiftShop.xcdatamodeld;
			sourceTree = "<group>";
			versionGroupType = wrapper.xcdatamodel;
		};
/* End XCVersionGroup section */
	};
	rootObject = 76B4F84B2C8F051700EDCB37 /* Project object */;
}
